
Microsoft Visual Studio Solution File, Format Version 12.00
# Visual Studio Version 17
VisualStudioVersion = 17.2.32630.192
MinimumVisualStudioVersion = 10.0.40219.1
Project("{FAE04EC0-301F-11D3-BF4B-00C04F79EFBC}") = "csharp_extratools_random_my", "csharp_extratools_random_my\csharp_extratools_random_my.csproj", "{0750223E-251F-4EA7-8935-FECBE5E98C4D}"
EndProject
Global
	GlobalSection(SolutionConfigurationPlatforms) = preSolution
		Debug|Any CPU = Debug|Any CPU
		Release|Any CPU = Release|Any CPU
	EndGlobalSection
	GlobalSection(ProjectConfigurationPlatforms) = postSolution
		{0750223E-251F-4EA7-8935-FECBE5E98C4D}.Debug|Any CPU.ActiveCfg = Debug|Any CPU
		{0750223E-251F-4EA7-8935-FECBE5E98C4D}.Debug|Any CPU.Build.0 = Debug|Any CPU
		{0750223E-251F-4EA7-8935-FECBE5E98C4D}.Release|Any CPU.ActiveCfg = Release|Any CPU
		{0750223E-251F-4EA7-8935-FECBE5E98C4D}.Release|Any CPU.Build.0 = Release|Any CPU
	EndGlobalSection
	GlobalSection(SolutionProperties) = preSolution
		HideSolutionNode = FALSE
	EndGlobalSection
	GlobalSection(ExtensibilityGlobals) = postSolution
		SolutionGuid = {6BA7B4CB-C9E9-404B-AB69-D13835D84C2B}
	EndGlobalSection
EndGlobal
